github.com/colony-2/colony2/server/api v0.0.0-20251223231518-40e1581edd70 h1:t7zlw2Bo6CysDu7hIHnQAlHiY0blZ4A3X3B1tM34wAM=
github.com/colony-2/colony2/server/api v0.0.0-20251223231518-40e1581edd70/go.mod h1:ZSPGQcw+Q6SEnFsG0Utm0YHdShisIRLkw8nM4Abk7WA=
github.com/colony-2/colony2/server/astore v0.0.0-20251223231518-40e1581edd70 h1:GLL/EeCUzWv9Jcqq1qFmcDUGu6j8ECw/69w3EBZp1Eg=
github.com/colony-2/colony2/server/astore v0.0.0-20251223231518-40e1581edd70/go.mod h1:G8zi7yWwV7bxqMBnFQ2VYletC+liiehTY3TaxwN2zbI=
github.com/colony-2/colony2/server/cell v0.0.0-20251223231518-40e1581edd70 h1:bWCq31piCu4aGxBirbWp3bRoiLmP855+s8xAMFfVUNk=
github.com/colony-2/colony2/server/cell v0.0.0-20251223231518-40e1581edd70/go.mod h1:9KRtre8K4ZDJ8Vt0MF8X8hDdztl6stKNCH/yDteDJkE=
github.com/colony-2/colony2/server/core v0.0.0-20251223231518-40e1581edd70 h1:eunki/Y6pqFF7rtt8xc7ksRwycadBW2FjOaDFoxwubg=
github.com/colony-2/colony2/server/core v0.0.0-20251223231518-40e1581edd70/go.mod h1:oaue0tFHa0f03goyVidBqYyYhWSvUz7sxwSVB7pawvU=
github.com/colony-2/colony2/server/cortex v0.0.0-20251223231518-40e1581edd70 h1:pR4LPfD/ncIrZYlR4P6dGCD8j3iSWSw3hekyWxZTswo=
github.com/colony-2/colony2/server/cortex v0.0.0-20251223231518-40e1581edd70/go.mod h1:GsXfxQdCzsa0btxsf4c84aaeKIcCSqaHYqLfjKX7awM=
github.com/colony-2/colony2/server/git v0.0.0-20251223231518-40e1581edd70 h1:KcbT8D/jXrbrlRHQGFj+uE6o285IDR7TS4g8wy3E/YY=
github.com/colony-2/colony2/server/git v0.0.0-20251223231518-40e1581edd70/go.mod h1:8RiWLfztGrbkLOs1wGFbI7FLmeQFCXCk/3bas48Sk+Q=
